
Microsoft Visual Studio Solution File, Format Version 12.00
# Visual Studio 15
VisualStudioVersion = 15.0.27004.2009
MinimumVisualStudioVersion = 10.0.40219.1
Project("{FAE04EC0-301F-11D3-BF4B-00C04F79EFBC}") = "MiniORM", "MiniORM\MiniORM.csproj", "{1C81F414-CBCD-4CF6-BDC3-CF8BF18DAB11}"
EndProject
Project("{FAE04EC0-301F-11D3-BF4B-00C04F79EFBC}") = "VehicleDB", "VehicleDB\VehicleDB.csproj", "{5C9B895F-D847-4D8A-AF7F-5CDB9A0A89A8}"
EndProject
Project("{FAE04EC0-301F-11D3-BF4B-00C04F79EFBC}") = "SchoolDb", "SchoolDb\SchoolDb.csproj", "{6E48C298-86E4-46AA-9536-968A4E8F5B69}"
EndProject
Project("{FAE04EC0-301F-11D3-BF4B-00C04F79EFBC}") = "EntityFrameworkRelationsOneToOne", "EntityFrameworkRelations\EntityFrameworkRelationsOneToOne.csproj", "{46A565C1-D526-486A-ACE0-5345FE00E826}"
EndProject
Project("{FAE04EC0-301F-11D3-BF4B-00C04F79EFBC}") = "EnityFrameworkOneToMany", "ConsoleApp1\EnityFrameworkOneToMany.csproj", "{FAC7D567-DE40-488E-BD9D-59339A156387}"
EndProject
Project("{FAE04EC0-301F-11D3-BF4B-00C04F79EFBC}") = "CarSimulator", "CarSimulator\CarSimulator.csproj", "{7F501C0C-9D10-4A1F-B430-FC53F909ECD8}"
EndProject
Project("{FAE04EC0-301F-11D3-BF4B-00C04F79EFBC}") = "SimpleQuerying", "AdvancedQuerying\SimpleQuerying.csproj", "{6C14A007-B025-4A1D-8647-83483C420A58}"
EndProject
Project("{FAE04EC0-301F-11D3-BF4B-00C04F79EFBC}") = "JoinTables", "JoinTables\JoinTables.csproj", "{D83AD661-37A7-449B-A686-6EC8718CD5CE}"
EndProject
Project("{FAE04EC0-301F-11D3-BF4B-00C04F79EFBC}") = "JSONProcessing", "JSONProcessing\JSONProcessing.csproj", "{FA3117F0-C395-4641-B3C7-EAF0EE47A7DD}"
EndProject
Project("{FAE04EC0-301F-11D3-BF4B-00C04F79EFBC}") = "JSONProcessingDemo", "JSONProcessingDemo\JSONProcessingDemo.csproj", "{E2CB5FE4-50DF-437C-A145-EB1B2B8F858C}"
EndProject
Global
	GlobalSection(SolutionConfigurationPlatforms) = preSolution
		Debug|Any CPU = Debug|Any CPU
		Release|Any CPU = Release|Any CPU
	EndGlobalSection
	GlobalSection(ProjectConfigurationPlatforms) = postSolution
		{1C81F414-CBCD-4CF6-BDC3-CF8BF18DAB11}.Debug|Any CPU.ActiveCfg = Debug|Any CPU
		{1C81F414-CBCD-4CF6-BDC3-CF8BF18DAB11}.Debug|Any CPU.Build.0 = Debug|Any CPU
		{1C81F414-CBCD-4CF6-BDC3-CF8BF18DAB11}.Release|Any CPU.ActiveCfg = Release|Any CPU
		{1C81F414-CBCD-4CF6-BDC3-CF8BF18DAB11}.Release|Any CPU.Build.0 = Release|Any CPU
		{5C9B895F-D847-4D8A-AF7F-5CDB9A0A89A8}.Debug|Any CPU.ActiveCfg = Debug|Any CPU
		{5C9B895F-D847-4D8A-AF7F-5CDB9A0A89A8}.Debug|Any CPU.Build.0 = Debug|Any CPU
		{5C9B895F-D847-4D8A-AF7F-5CDB9A0A89A8}.Release|Any CPU.ActiveCfg = Release|Any CPU
		{5C9B895F-D847-4D8A-AF7F-5CDB9A0A89A8}.Release|Any CPU.Build.0 = Release|Any CPU
		{6E48C298-86E4-46AA-9536-968A4E8F5B69}.Debug|Any CPU.ActiveCfg = Debug|Any CPU
		{6E48C298-86E4-46AA-9536-968A4E8F5B69}.Debug|Any CPU.Build.0 = Debug|Any CPU
		{6E48C298-86E4-46AA-9536-968A4E8F5B69}.Release|Any CPU.ActiveCfg = Release|Any CPU
		{6E48C298-86E4-46AA-9536-968A4E8F5B69}.Release|Any CPU.Build.0 = Release|Any CPU
		{46A565C1-D526-486A-ACE0-5345FE00E826}.Debug|Any CPU.ActiveCfg = Debug|Any CPU
		{46A565C1-D526-486A-ACE0-5345FE00E826}.Debug|Any CPU.Build.0 = Debug|Any CPU
		{46A565C1-D526-486A-ACE0-5345FE00E826}.Release|Any CPU.ActiveCfg = Release|Any CPU
		{46A565C1-D526-486A-ACE0-5345FE00E826}.Release|Any CPU.Build.0 = Release|Any CPU
		{FAC7D567-DE40-488E-BD9D-59339A156387}.Debug|Any CPU.ActiveCfg = Debug|Any CPU
		{FAC7D567-DE40-488E-BD9D-59339A156387}.Debug|Any CPU.Build.0 = Debug|Any CPU
		{FAC7D567-DE40-488E-BD9D-59339A156387}.Release|Any CPU.ActiveCfg = Release|Any CPU
		{FAC7D567-DE40-488E-BD9D-59339A156387}.Release|Any CPU.Build.0 = Release|Any CPU
		{7F501C0C-9D10-4A1F-B430-FC53F909ECD8}.Debug|Any CPU.ActiveCfg = Debug|Any CPU
		{7F501C0C-9D10-4A1F-B430-FC53F909ECD8}.Debug|Any CPU.Build.0 = Debug|Any CPU
		{7F501C0C-9D10-4A1F-B430-FC53F909ECD8}.Release|Any CPU.ActiveCfg = Release|Any CPU
		{7F501C0C-9D10-4A1F-B430-FC53F909ECD8}.Release|Any CPU.Build.0 = Release|Any CPU
		{6C14A007-B025-4A1D-8647-83483C420A58}.Debug|Any CPU.ActiveCfg = Debug|Any CPU
		{6C14A007-B025-4A1D-8647-83483C420A58}.Debug|Any CPU.Build.0 = Debug|Any CPU
		{6C14A007-B025-4A1D-8647-83483C420A58}.Release|Any CPU.ActiveCfg = Release|Any CPU
		{6C14A007-B025-4A1D-8647-83483C420A58}.Release|Any CPU.Build.0 = Release|Any CPU
		{D83AD661-37A7-449B-A686-6EC8718CD5CE}.Debug|Any CPU.ActiveCfg = Debug|Any CPU
		{D83AD661-37A7-449B-A686-6EC8718CD5CE}.Debug|Any CPU.Build.0 = Debug|Any CPU
		{D83AD661-37A7-449B-A686-6EC8718CD5CE}.Release|Any CPU.ActiveCfg = Release|Any CPU
		{D83AD661-37A7-449B-A686-6EC8718CD5CE}.Release|Any CPU.Build.0 = Release|Any CPU
		{FA3117F0-C395-4641-B3C7-EAF0EE47A7DD}.Debug|Any CPU.ActiveCfg = Debug|Any CPU
		{FA3117F0-C395-4641-B3C7-EAF0EE47A7DD}.Debug|Any CPU.Build.0 = Debug|Any CPU
		{FA3117F0-C395-4641-B3C7-EAF0EE47A7DD}.Release|Any CPU.ActiveCfg = Release|Any CPU
		{FA3117F0-C395-4641-B3C7-EAF0EE47A7DD}.Release|Any CPU.Build.0 = Release|Any CPU
		{E2CB5FE4-50DF-437C-A145-EB1B2B8F858C}.Debug|Any CPU.ActiveCfg = Debug|Any CPU
		{E2CB5FE4-50DF-437C-A145-EB1B2B8F858C}.Debug|Any CPU.Build.0 = Debug|Any CPU
		{E2CB5FE4-50DF-437C-A145-EB1B2B8F858C}.Release|Any CPU.ActiveCfg = Release|Any CPU
		{E2CB5FE4-50DF-437C-A145-EB1B2B8F858C}.Release|Any CPU.Build.0 = Release|Any CPU
	EndGlobalSection
	GlobalSection(SolutionProperties) = preSolution
		HideSolutionNode = FALSE
	EndGlobalSection
	GlobalSection(ExtensibilityGlobals) = postSolution
		SolutionGuid = {32526A08-6363-4859-A1D0-BBAA2DBFABF9}
	EndGlobalSection
EndGlobal
